// !$*UTF8*$!
{
	archiveVersion = 1;
	classes = {
	};
	objectVersion = 56;
	objects = {

/* Begin PBXBuildFile section */
		21617BCE2BEFBE3B00284729 /* AppDelegate.swift in Sources */ = {isa = PBXBuildFile; fileRef = 21617BCD2BEFBE3B00284729 /* AppDelegate.swift */; };
		21617BD02BEFBE3B00284729 /* SceneDelegate.swift in Sources */ = {isa = PBXBuildFile; fileRef = 21617BCF2BEFBE3B00284729 /* SceneDelegate.swift */; };
		21617BD72BEFBE3D00284729 /* Assets.xcassets in Resources */ = {isa = PBXBuildFile; fileRef = 21617BD62BEFBE3D00284729 /* Assets.xcassets */; };
		21617BE52BEFBE3E00284729 /* MeliTests.swift in Sources */ = {isa = PBXBuildFile; fileRef = 21617BE42BEFBE3E00284729 /* MeliTests.swift */; };
		21617BEF2BEFBE3E00284729 /* MeliUITests.swift in Sources */ = {isa = PBXBuildFile; fileRef = 21617BEE2BEFBE3E00284729 /* MeliUITests.swift */; };
		21617BF12BEFBE3E00284729 /* MeliUITestsLaunchTests.swift in Sources */ = {isa = PBXBuildFile; fileRef = 21617BF02BEFBE3E00284729 /* MeliUITestsLaunchTests.swift */; };
		21617BFE2BEFBF0800284729 /* MainCoordinator.swift in Sources */ = {isa = PBXBuildFile; fileRef = 21617BFD2BEFBF0800284729 /* MainCoordinator.swift */; };
		21617C002BEFBF3C00284729 /* Coordinator.swift in Sources */ = {isa = PBXBuildFile; fileRef = 21617BFF2BEFBF3C00284729 /* Coordinator.swift */; };
		21617C062BEFC09C00284729 /* SearchViewController.swift in Sources */ = {isa = PBXBuildFile; fileRef = 21617C052BEFC09C00284729 /* SearchViewController.swift */; };
		21617C082BEFC11100284729 /* SearchView.swift in Sources */ = {isa = PBXBuildFile; fileRef = 21617C072BEFC11100284729 /* SearchView.swift */; };
		21617C0C2BEFE7B000284729 /* UISearchBarExtension.swift in Sources */ = {isa = PBXBuildFile; fileRef = 21617C0B2BEFE7B000284729 /* UISearchBarExtension.swift */; };
		21617C0F2BF0065100284729 /* LocalizationKey.swift in Sources */ = {isa = PBXBuildFile; fileRef = 21617C0E2BF0065100284729 /* LocalizationKey.swift */; };
		21617C132BF007B800284729 /* Localizable.strings in Resources */ = {isa = PBXBuildFile; fileRef = 21617C112BF007B800284729 /* Localizable.strings */; };
		21617C182BF0097500284729 /* LocalizationKeyExtension.swift in Sources */ = {isa = PBXBuildFile; fileRef = 21617C172BF0097500284729 /* LocalizationKeyExtension.swift */; };
		21617C1D2BF19D2C00284729 /* UINavigationControllerExtension.swift in Sources */ = {isa = PBXBuildFile; fileRef = 21617C1C2BF19D2C00284729 /* UINavigationControllerExtension.swift */; };
		21617C202BF2307200284729 /* SearchBar.swift in Sources */ = {isa = PBXBuildFile; fileRef = 21617C1F2BF2307200284729 /* SearchBar.swift */; };
		21617C242BF2C95700284729 /* SearchViewModel.swift in Sources */ = {isa = PBXBuildFile; fileRef = 21617C232BF2C95700284729 /* SearchViewModel.swift */; };
		21617C272BF2C98900284729 /* Constants.swift in Sources */ = {isa = PBXBuildFile; fileRef = 21617C262BF2C98900284729 /* Constants.swift */; };
		21617C292BF2CBE900284729 /* Network.swift in Sources */ = {isa = PBXBuildFile; fileRef = 21617C282BF2CBE900284729 /* Network.swift */; };
		21617C2C2BF2CCC600284729 /* Product.swift in Sources */ = {isa = PBXBuildFile; fileRef = 21617C2B2BF2CCC600284729 /* Product.swift */; };
		21617C2E2BF2D6F300284729 /* UIViewExtension.swift in Sources */ = {isa = PBXBuildFile; fileRef = 21617C2D2BF2D6F200284729 /* UIViewExtension.swift */; };
		21617C302BF2D76600284729 /* ProductTableViewCell.swift in Sources */ = {isa = PBXBuildFile; fileRef = 21617C2F2BF2D76600284729 /* ProductTableViewCell.swift */; };
		21617C332BF2D82E00284729 /* ViewCodeSetup.swift in Sources */ = {isa = PBXBuildFile; fileRef = 21617C322BF2D82E00284729 /* ViewCodeSetup.swift */; };
		21617C352BF2DB2E00284729 /* UIImageViewExtension.swift in Sources */ = {isa = PBXBuildFile; fileRef = 21617C342BF2DB2E00284729 /* UIImageViewExtension.swift */; };
		21617C372BF2DD8300284729 /* DoubleExtension.swift in Sources */ = {isa = PBXBuildFile; fileRef = 21617C362BF2DD8300284729 /* DoubleExtension.swift */; };
		21617C392BF2DDFD00284729 /* UITableViewCellExtension.swift in Sources */ = {isa = PBXBuildFile; fileRef = 21617C382BF2DDFD00284729 /* UITableViewCellExtension.swift */; };
		21617C3E2BF432A900284729 /* ProductDetailViewController.swift in Sources */ = {isa = PBXBuildFile; fileRef = 21617C3D2BF432A900284729 /* ProductDetailViewController.swift */; };
		21617C402BF4353B00284729 /* ProductDetailTableViewCell.swift in Sources */ = {isa = PBXBuildFile; fileRef = 21617C3F2BF4353B00284729 /* ProductDetailTableViewCell.swift */; };
		21617C462BF521D500284729 /* ProductDetailView.swift in Sources */ = {isa = PBXBuildFile; fileRef = 21617C452BF521D500284729 /* ProductDetailView.swift */; };
		21617C482BF6BB9300284729 /* URLBuilder.swift in Sources */ = {isa = PBXBuildFile; fileRef = 21617C472BF6BB9300284729 /* URLBuilder.swift */; };
		21617C4B2BF6D24000284729 /* ProductDetailsViewModel.swift in Sources */ = {isa = PBXBuildFile; fileRef = 21617C4A2BF6D24000284729 /* ProductDetailsViewModel.swift */; };
		21617C4D2BF6D37100284729 /* DetailsProduct.swift in Sources */ = {isa = PBXBuildFile; fileRef = 21617C4C2BF6D37100284729 /* DetailsProduct.swift */; };
		21617C4F2BF7E9C700284729 /* ConnectivityManager.swift in Sources */ = {isa = PBXBuildFile; fileRef = 21617C4E2BF7E9C700284729 /* ConnectivityManager.swift */; };
		21617C532BF8FB7F00284729 /* ErrorViewController.swift in Sources */ = {isa = PBXBuildFile; fileRef = 21617C522BF8FB7F00284729 /* ErrorViewController.swift */; };
		21617C552BF9033900284729 /* ErrorView.swift in Sources */ = {isa = PBXBuildFile; fileRef = 21617C542BF9033900284729 /* ErrorView.swift */; };
		21617C572BFA4C6700284729 /* CloseButton.swift in Sources */ = {isa = PBXBuildFile; fileRef = 21617C562BFA4C6700284729 /* CloseButton.swift */; };
		21617C592BFA4CBC00284729 /* UIButtonExtension.swift in Sources */ = {isa = PBXBuildFile; fileRef = 21617C582BFA4CBC00284729 /* UIButtonExtension.swift */; };
		21617C5C2BFA5D5800284729 /* Logger.swift in Sources */ = {isa = PBXBuildFile; fileRef = 21617C5B2BFA5D5800284729 /* Logger.swift */; };
/* End PBXBuildFile section */

/* Begin PBXContainerItemProxy section */
		21617BE12BEFBE3E00284729 /* PBXContainerItemProxy */ = {
			isa = PBXContainerItemProxy;
			containerPortal = 21617BC22BEFBE3B00284729 /* Project object */;
			proxyType = 1;
			remoteGlobalIDString = 21617BC92BEFBE3B00284729;
			remoteInfo = Meli;
		};
		21617BEB2BEFBE3E00284729 /* PBXContainerItemProxy */ = {
			isa = PBXContainerItemProxy;
			containerPortal = 21617BC22BEFBE3B00284729 /* Project object */;
			proxyType = 1;
			remoteGlobalIDString = 21617BC92BEFBE3B00284729;
			remoteInfo = Meli;
		};
/* End PBXContainerItemProxy section */

/* Begin PBXFileReference section */
		21617BCA2BEFBE3B00284729 /* Meli.app */ = {isa = PBXFileReference; explicitFileType = wrapper.application; includeInIndex = 0; path = Meli.app; sourceTree = BUILT_PRODUCTS_DIR; };
		21617BCD2BEFBE3B00284729 /* AppDelegate.swift */ = {isa = PBXFileReference; lastKnownFileType = sourcecode.swift; path = AppDelegate.swift; sourceTree = "<group>"; };
		21617BCF2BEFBE3B00284729 /* SceneDelegate.swift */ = {isa = PBXFileReference; lastKnownFileType = sourcecode.swift; path = SceneDelegate.swift; sourceTree = "<group>"; };
		21617BD62BEFBE3D00284729 /* Assets.xcassets */ = {isa = PBXFileReference; lastKnownFileType = folder.assetcatalog; path = Assets.xcassets; sourceTree = "<group>"; };
		21617BDB2BEFBE3D00284729 /* Info.plist */ = {isa = PBXFileReference; lastKnownFileType = text.plist.xml; path = Info.plist; sourceTree = "<group>"; };
		21617BE02BEFBE3E00284729 /* MeliTests.xctest */ = {isa = PBXFileReference; explicitFileType = wrapper.cfbundle; includeInIndex = 0; path = MeliTests.xctest; sourceTree = BUILT_PRODUCTS_DIR; };
		21617BE42BEFBE3E00284729 /* MeliTests.swift */ = {isa = PBXFileReference; lastKnownFileType = sourcecode.swift; path = MeliTests.swift; sourceTree = "<group>"; };
		21617BEA2BEFBE3E00284729 /* MeliUITests.xctest */ = {isa = PBXFileReference; explicitFileType = wrapper.cfbundle; includeInIndex = 0; path = MeliUITests.xctest; sourceTree = BUILT_PRODUCTS_DIR; };
		21617BEE2BEFBE3E00284729 /* MeliUITests.swift */ = {isa = PBXFileReference; lastKnownFileType = sourcecode.swift; path = MeliUITests.swift; sourceTree = "<group>"; };
		21617BF02BEFBE3E00284729 /* MeliUITestsLaunchTests.swift */ = {isa = PBXFileReference; lastKnownFileType = sourcecode.swift; path = MeliUITestsLaunchTests.swift; sourceTree = "<group>"; };
		21617BFD2BEFBF0800284729 /* MainCoordinator.swift */ = {isa = PBXFileReference; lastKnownFileType = sourcecode.swift; path = MainCoordinator.swift; sourceTree = "<group>"; };
		21617BFF2BEFBF3C00284729 /* Coordinator.swift */ = {isa = PBXFileReference; lastKnownFileType = sourcecode.swift; path = Coordinator.swift; sourceTree = "<group>"; };
		21617C052BEFC09C00284729 /* SearchViewController.swift */ = {isa = PBXFileReference; lastKnownFileType = sourcecode.swift; path = SearchViewController.swift; sourceTree = "<group>"; };
		21617C072BEFC11100284729 /* SearchView.swift */ = {isa = PBXFileReference; lastKnownFileType = sourcecode.swift; path = SearchView.swift; sourceTree = "<group>"; };
		21617C0B2BEFE7B000284729 /* UISearchBarExtension.swift */ = {isa = PBXFileReference; lastKnownFileType = sourcecode.swift; path = UISearchBarExtension.swift; sourceTree = "<group>"; };
		21617C0E2BF0065100284729 /* LocalizationKey.swift */ = {isa = PBXFileReference; lastKnownFileType = sourcecode.swift; path = LocalizationKey.swift; sourceTree = "<group>"; };
		21617C122BF007B800284729 /* en */ = {isa = PBXFileReference; lastKnownFileType = text.plist.strings; name = en; path = en.lproj/Localizable.strings; sourceTree = "<group>"; };
		21617C172BF0097500284729 /* LocalizationKeyExtension.swift */ = {isa = PBXFileReference; lastKnownFileType = sourcecode.swift; path = LocalizationKeyExtension.swift; sourceTree = "<group>"; };
		21617C1C2BF19D2C00284729 /* UINavigationControllerExtension.swift */ = {isa = PBXFileReference; lastKnownFileType = sourcecode.swift; path = UINavigationControllerExtension.swift; sourceTree = "<group>"; };
		21617C1F2BF2307200284729 /* SearchBar.swift */ = {isa = PBXFileReference; lastKnownFileType = sourcecode.swift; path = SearchBar.swift; sourceTree = "<group>"; };
		21617C232BF2C95700284729 /* SearchViewModel.swift */ = {isa = PBXFileReference; lastKnownFileType = sourcecode.swift; path = SearchViewModel.swift; sourceTree = "<group>"; };
		21617C262BF2C98900284729 /* Constants.swift */ = {isa = PBXFileReference; lastKnownFileType = sourcecode.swift; path = Constants.swift; sourceTree = "<group>"; };
		21617C282BF2CBE900284729 /* Network.swift */ = {isa = PBXFileReference; lastKnownFileType = sourcecode.swift; path = Network.swift; sourceTree = "<group>"; };
		21617C2B2BF2CCC600284729 /* Product.swift */ = {isa = PBXFileReference; lastKnownFileType = sourcecode.swift; path = Product.swift; sourceTree = "<group>"; };
		21617C2D2BF2D6F200284729 /* UIViewExtension.swift */ = {isa = PBXFileReference; lastKnownFileType = sourcecode.swift; path = UIViewExtension.swift; sourceTree = "<group>"; };
		21617C2F2BF2D76600284729 /* ProductTableViewCell.swift */ = {isa = PBXFileReference; lastKnownFileType = sourcecode.swift; path = ProductTableViewCell.swift; sourceTree = "<group>"; };
		21617C322BF2D82E00284729 /* ViewCodeSetup.swift */ = {isa = PBXFileReference; lastKnownFileType = sourcecode.swift; path = ViewCodeSetup.swift; sourceTree = "<group>"; };
		21617C342BF2DB2E00284729 /* UIImageViewExtension.swift */ = {isa = PBXFileReference; lastKnownFileType = sourcecode.swift; path = UIImageViewExtension.swift; sourceTree = "<group>"; };
		21617C362BF2DD8300284729 /* DoubleExtension.swift */ = {isa = PBXFileReference; lastKnownFileType = sourcecode.swift; path = DoubleExtension.swift; sourceTree = "<group>"; };
		21617C382BF2DDFD00284729 /* UITableViewCellExtension.swift */ = {isa = PBXFileReference; lastKnownFileType = sourcecode.swift; path = UITableViewCellExtension.swift; sourceTree = "<group>"; };
		21617C3D2BF432A900284729 /* ProductDetailViewController.swift */ = {isa = PBXFileReference; lastKnownFileType = sourcecode.swift; path = ProductDetailViewController.swift; sourceTree = "<group>"; };
		21617C3F2BF4353B00284729 /* ProductDetailTableViewCell.swift */ = {isa = PBXFileReference; lastKnownFileType = sourcecode.swift; path = ProductDetailTableViewCell.swift; sourceTree = "<group>"; };
		21617C452BF521D500284729 /* ProductDetailView.swift */ = {isa = PBXFileReference; lastKnownFileType = sourcecode.swift; path = ProductDetailView.swift; sourceTree = "<group>"; };
		21617C472BF6BB9300284729 /* URLBuilder.swift */ = {isa = PBXFileReference; lastKnownFileType = sourcecode.swift; path = URLBuilder.swift; sourceTree = "<group>"; };
		21617C4A2BF6D24000284729 /* ProductDetailsViewModel.swift */ = {isa = PBXFileReference; lastKnownFileType = sourcecode.swift; path = ProductDetailsViewModel.swift; sourceTree = "<group>"; };
		21617C4C2BF6D37100284729 /* DetailsProduct.swift */ = {isa = PBXFileReference; lastKnownFileType = sourcecode.swift; path = DetailsProduct.swift; sourceTree = "<group>"; };
		21617C4E2BF7E9C700284729 /* ConnectivityManager.swift */ = {isa = PBXFileReference; lastKnownFileType = sourcecode.swift; path = ConnectivityManager.swift; sourceTree = "<group>"; };
		21617C522BF8FB7F00284729 /* ErrorViewController.swift */ = {isa = PBXFileReference; lastKnownFileType = sourcecode.swift; path = ErrorViewController.swift; sourceTree = "<group>"; };
		21617C542BF9033900284729 /* ErrorView.swift */ = {isa = PBXFileReference; lastKnownFileType = sourcecode.swift; path = ErrorView.swift; sourceTree = "<group>"; };
		21617C562BFA4C6700284729 /* CloseButton.swift */ = {isa = PBXFileReference; lastKnownFileType = sourcecode.swift; path = CloseButton.swift; sourceTree = "<group>"; };
		21617C582BFA4CBC00284729 /* UIButtonExtension.swift */ = {isa = PBXFileReference; lastKnownFileType = sourcecode.swift; path = UIButtonExtension.swift; sourceTree = "<group>"; };
		21617C5B2BFA5D5800284729 /* Logger.swift */ = {isa = PBXFileReference; lastKnownFileType = sourcecode.swift; path = Logger.swift; sourceTree = "<group>"; };
/* End PBXFileReference section */

/* Begin PBXFrameworksBuildPhase section */
		21617BC72BEFBE3B00284729 /* Frameworks */ = {
			isa = PBXFrameworksBuildPhase;
			buildActionMask = 2147483647;
			files = (
			);
			runOnlyForDeploymentPostprocessing = 0;
		};
		21617BDD2BEFBE3E00284729 /* Frameworks */ = {
			isa = PBXFrameworksBuildPhase;
			buildActionMask = 2147483647;
			files = (
			);
			runOnlyForDeploymentPostprocessing = 0;
		};
		21617BE72BEFBE3E00284729 /* Frameworks */ = {
			isa = PBXFrameworksBuildPhase;
			buildActionMask = 2147483647;
			files = (
			);
			runOnlyForDeploymentPostprocessing = 0;
		};
/* End PBXFrameworksBuildPhase section */

/* Begin PBXGroup section */
		21617BC12BEFBE3B00284729 = {
			isa = PBXGroup;
			children = (
				21617BCC2BEFBE3B00284729 /* Meli */,
				21617BE32BEFBE3E00284729 /* MeliTests */,
				21617BED2BEFBE3E00284729 /* MeliUITests */,
				21617BCB2BEFBE3B00284729 /* Products */,
			);
			sourceTree = "<group>";
		};
		21617BCB2BEFBE3B00284729 /* Products */ = {
			isa = PBXGroup;
			children = (
				21617BCA2BEFBE3B00284729 /* Meli.app */,
				21617BE02BEFBE3E00284729 /* MeliTests.xctest */,
				21617BEA2BEFBE3E00284729 /* MeliUITests.xctest */,
			);
			name = Products;
			sourceTree = "<group>";
		};
		21617BCC2BEFBE3B00284729 /* Meli */ = {
			isa = PBXGroup;
			children = (
				21617C502BF8F82C00284729 /* Error Screen */,
				21617C2A2BF2CC6D00284729 /* Model */,
				21617C092BEFE74400284729 /* Utils */,
				21617C252BF2C96B00284729 /* Network */,
				21617C042BEFC07500284729 /* Search */,
				21617C3B2BF4328600284729 /* Product Detail */,
				21617BCD2BEFBE3B00284729 /* AppDelegate.swift */,
				21617BCF2BEFBE3B00284729 /* SceneDelegate.swift */,
				21617BD62BEFBE3D00284729 /* Assets.xcassets */,
				21617BDB2BEFBE3D00284729 /* Info.plist */,
				21617BFD2BEFBF0800284729 /* MainCoordinator.swift */,
				21617BFF2BEFBF3C00284729 /* Coordinator.swift */,
			);
			path = Meli;
			sourceTree = "<group>";
		};
		21617BE32BEFBE3E00284729 /* MeliTests */ = {
			isa = PBXGroup;
			children = (
				21617BE42BEFBE3E00284729 /* MeliTests.swift */,
			);
			path = MeliTests;
			sourceTree = "<group>";
		};
		21617BED2BEFBE3E00284729 /* MeliUITests */ = {
			isa = PBXGroup;
			children = (
				21617BEE2BEFBE3E00284729 /* MeliUITests.swift */,
				21617BF02BEFBE3E00284729 /* MeliUITestsLaunchTests.swift */,
			);
			path = MeliUITests;
			sourceTree = "<group>";
		};
		21617C042BEFC07500284729 /* Search */ = {
			isa = PBXGroup;
			children = (
				21617C222BF2C93600284729 /* View */,
				21617C212BF2C92B00284729 /* View Model */,
			);
			path = Search;
			sourceTree = "<group>";
		};
		21617C092BEFE74400284729 /* Utils */ = {
			isa = PBXGroup;
			children = (
				21617C5A2BFA5D4500284729 /* Logger */,
				21617C3A2BF2EE0000284729 /* Constants */,
				21617C312BF2D81C00284729 /* Helper */,
				21617C1E2BF2305C00284729 /* Components */,
				21617C102BF0079600284729 /* Localizable */,
				21617C0D2BF0063200284729 /* Localization */,
				21617C0A2BEFE74D00284729 /* Extensions */,
			);
			path = Utils;
			sourceTree = "<group>";
		};
		21617C0A2BEFE74D00284729 /* Extensions */ = {
			isa = PBXGroup;
			children = (
				21617C1C2BF19D2C00284729 /* UINavigationControllerExtension.swift */,
				21617C0B2BEFE7B000284729 /* UISearchBarExtension.swift */,
				21617C172BF0097500284729 /* LocalizationKeyExtension.swift */,
				21617C2D2BF2D6F200284729 /* UIViewExtension.swift */,
				21617C342BF2DB2E00284729 /* UIImageViewExtension.swift */,
				21617C362BF2DD8300284729 /* DoubleExtension.swift */,
				21617C382BF2DDFD00284729 /* UITableViewCellExtension.swift */,
				21617C582BFA4CBC00284729 /* UIButtonExtension.swift */,
			);
			path = Extensions;
			sourceTree = "<group>";
		};
		21617C0D2BF0063200284729 /* Localization */ = {
			isa = PBXGroup;
			children = (
				21617C0E2BF0065100284729 /* LocalizationKey.swift */,
			);
			path = Localization;
			sourceTree = "<group>";
		};
		21617C102BF0079600284729 /* Localizable */ = {
			isa = PBXGroup;
			children = (
				21617C112BF007B800284729 /* Localizable.strings */,
			);
			path = Localizable;
			sourceTree = "<group>";
		};
		21617C1E2BF2305C00284729 /* Components */ = {
			isa = PBXGroup;
			children = (
				21617C1F2BF2307200284729 /* SearchBar.swift */,
				21617C562BFA4C6700284729 /* CloseButton.swift */,
			);
			path = Components;
			sourceTree = "<group>";
		};
		21617C212BF2C92B00284729 /* View Model */ = {
			isa = PBXGroup;
			children = (
				21617C232BF2C95700284729 /* SearchViewModel.swift */,
			);
			path = "View Model";
			sourceTree = "<group>";
		};
		21617C222BF2C93600284729 /* View */ = {
			isa = PBXGroup;
			children = (
				21617C052BEFC09C00284729 /* SearchViewController.swift */,
				21617C072BEFC11100284729 /* SearchView.swift */,
				21617C2F2BF2D76600284729 /* ProductTableViewCell.swift */,
			);
			path = View;
			sourceTree = "<group>";
		};
		21617C252BF2C96B00284729 /* Network */ = {
			isa = PBXGroup;
			children = (
				21617C282BF2CBE900284729 /* Network.swift */,
				21617C472BF6BB9300284729 /* URLBuilder.swift */,
				21617C4E2BF7E9C700284729 /* ConnectivityManager.swift */,
			);
			path = Network;
			sourceTree = "<group>";
		};
		21617C2A2BF2CC6D00284729 /* Model */ = {
			isa = PBXGroup;
			children = (
				21617C2B2BF2CCC600284729 /* Product.swift */,
				21617C4C2BF6D37100284729 /* DetailsProduct.swift */,
			);
			path = Model;
			sourceTree = "<group>";
		};
		21617C312BF2D81C00284729 /* Helper */ = {
			isa = PBXGroup;
			children = (
				21617C322BF2D82E00284729 /* ViewCodeSetup.swift */,
			);
			path = Helper;
			sourceTree = "<group>";
		};
		21617C3A2BF2EE0000284729 /* Constants */ = {
			isa = PBXGroup;
			children = (
				21617C262BF2C98900284729 /* Constants.swift */,
			);
			path = Constants;
			sourceTree = "<group>";
		};
		21617C3B2BF4328600284729 /* Product Detail */ = {
			isa = PBXGroup;
			children = (
				21617C3C2BF4329200284729 /* View */,
				21617C492BF6D23000284729 /* View Model */,
			);
			path = "Product Detail";
			sourceTree = "<group>";
		};
		21617C3C2BF4329200284729 /* View */ = {
			isa = PBXGroup;
			children = (
				21617C3D2BF432A900284729 /* ProductDetailViewController.swift */,
				21617C3F2BF4353B00284729 /* ProductDetailTableViewCell.swift */,
				21617C452BF521D500284729 /* ProductDetailView.swift */,
			);
			path = View;
			sourceTree = "<group>";
		};
		21617C492BF6D23000284729 /* View Model */ = {
			isa = PBXGroup;
			children = (
				21617C4A2BF6D24000284729 /* ProductDetailsViewModel.swift */,
			);
			path = "View Model";
			sourceTree = "<group>";
		};
		21617C502BF8F82C00284729 /* Error Screen */ = {
			isa = PBXGroup;
			children = (
				21617C512BF8FB6B00284729 /* View */,
			);
			path = "Error Screen";
			sourceTree = "<group>";
		};
		21617C512BF8FB6B00284729 /* View */ = {
			isa = PBXGroup;
			children = (
				21617C522BF8FB7F00284729 /* ErrorViewController.swift */,
				21617C542BF9033900284729 /* ErrorView.swift */,
			);
			path = View;
			sourceTree = "<group>";
		};
		21617C5A2BFA5D4500284729 /* Logger */ = {
			isa = PBXGroup;
			children = (
				21617C5B2BFA5D5800284729 /* Logger.swift */,
			);
			path = Logger;
			sourceTree = "<group>";
		};
/* End PBXGroup section */

/* Begin PBXNativeTarget section */
		21617BC92BEFBE3B00284729 /* Meli */ = {
			isa = PBXNativeTarget;
			buildConfigurationList = 21617BF42BEFBE3E00284729 /* Build configuration list for PBXNativeTarget "Meli" */;
			buildPhases = (
				21617BC62BEFBE3B00284729 /* Sources */,
				21617BC72BEFBE3B00284729 /* Frameworks */,
				21617BC82BEFBE3B00284729 /* Resources */,
			);
			buildRules = (
			);
			dependencies = (
			);
			name = Meli;
			productName = Meli;
			productReference = 21617BCA2BEFBE3B00284729 /* Meli.app */;
			productType = "com.apple.product-type.application";
		};
		21617BDF2BEFBE3E00284729 /* MeliTests */ = {
			isa = PBXNativeTarget;
			buildConfigurationList = 21617BF72BEFBE3E00284729 /* Build configuration list for PBXNativeTarget "MeliTests" */;
			buildPhases = (
				21617BDC2BEFBE3E00284729 /* Sources */,
				21617BDD2BEFBE3E00284729 /* Frameworks */,
				21617BDE2BEFBE3E00284729 /* Resources */,
			);
			buildRules = (
			);
			dependencies = (
				21617BE22BEFBE3E00284729 /* PBXTargetDependency */,
			);
			name = MeliTests;
			productName = MeliTests;
			productReference = 21617BE02BEFBE3E00284729 /* MeliTests.xctest */;
			productType = "com.apple.product-type.bundle.unit-test";
		};
		21617BE92BEFBE3E00284729 /* MeliUITests */ = {
			isa = PBXNativeTarget;
			buildConfigurationList = 21617BFA2BEFBE3E00284729 /* Build configuration list for PBXNativeTarget "MeliUITests" */;
			buildPhases = (
				21617BE62BEFBE3E00284729 /* Sources */,
				21617BE72BEFBE3E00284729 /* Frameworks */,
				21617BE82BEFBE3E00284729 /* Resources */,
			);
			buildRules = (
			);
			dependencies = (
				21617BEC2BEFBE3E00284729 /* PBXTargetDependency */,
			);
			name = MeliUITests;
			productName = MeliUITests;
			productReference = 21617BEA2BEFBE3E00284729 /* MeliUITests.xctest */;
			productType = "com.apple.product-type.bundle.ui-testing";
		};
/* End PBXNativeTarget section */

/* Begin PBXProject section */
		21617BC22BEFBE3B00284729 /* Project object */ = {
			isa = PBXProject;
			attributes = {
				BuildIndependentTargetsInParallel = 1;
				LastSwiftUpdateCheck = 1530;
				LastUpgradeCheck = 1530;
				TargetAttributes = {
					21617BC92BEFBE3B00284729 = {
						CreatedOnToolsVersion = 15.3;
					};
					21617BDF2BEFBE3E00284729 = {
						CreatedOnToolsVersion = 15.3;
						TestTargetID = 21617BC92BEFBE3B00284729;
					};
					21617BE92BEFBE3E00284729 = {
						CreatedOnToolsVersion = 15.3;
						TestTargetID = 21617BC92BEFBE3B00284729;
					};
				};
			};
			buildConfigurationList = 21617BC52BEFBE3B00284729 /* Build configuration list for PBXProject "Meli" */;
			compatibilityVersion = "Xcode 14.0";
			developmentRegion = en;
			hasScannedForEncodings = 0;
			knownRegions = (
				en,
				Base,
			);
			mainGroup = 21617BC12BEFBE3B00284729;
			productRefGroup = 21617BCB2BEFBE3B00284729 /* Products */;
			projectDirPath = "";
			projectRoot = "";
			targets = (
				21617BC92BEFBE3B00284729 /* Meli */,
				21617BDF2BEFBE3E00284729 /* MeliTests */,
				21617BE92BEFBE3E00284729 /* MeliUITests */,
			);
		};
/* End PBXProject section */

/* Begin PBXResourcesBuildPhase section */
		21617BC82BEFBE3B00284729 /* Resources */ = {
			isa = PBXResourcesBuildPhase;
			buildActionMask = 2147483647;
			files = (
				21617BD72BEFBE3D00284729 /* Assets.xcassets in Resources */,
				21617C132BF007B800284729 /* Localizable.strings in Resources */,
			);
			runOnlyForDeploymentPostprocessing = 0;
		};
		21617BDE2BEFBE3E00284729 /* Resources */ = {
			isa = PBXResourcesBuildPhase;
			buildActionMask = 2147483647;
			files = (
			);
			runOnlyForDeploymentPostprocessing = 0;
		};
		21617BE82BEFBE3E00284729 /* Resources */ = {
			isa = PBXResourcesBuildPhase;
			buildActionMask = 2147483647;
			files = (
			);
			runOnlyForDeploymentPostprocessing = 0;
		};
/* End PBXResourcesBuildPhase section */

/* Begin PBXSourcesBuildPhase section */
		21617BC62BEFBE3B00284729 /* Sources */ = {
			isa = PBXSourcesBuildPhase;
			buildActionMask = 2147483647;
			files = (
				21617C062BEFC09C00284729 /* SearchViewController.swift in Sources */,
				21617C5C2BFA5D5800284729 /* Logger.swift in Sources */,
				21617C402BF4353B00284729 /* ProductDetailTableViewCell.swift in Sources */,
				21617BFE2BEFBF0800284729 /* MainCoordinator.swift in Sources */,
				21617C592BFA4CBC00284729 /* UIButtonExtension.swift in Sources */,
				21617C2C2BF2CCC600284729 /* Product.swift in Sources */,
				21617C352BF2DB2E00284729 /* UIImageViewExtension.swift in Sources */,
				21617C332BF2D82E00284729 /* ViewCodeSetup.swift in Sources */,
				21617C4F2BF7E9C700284729 /* ConnectivityManager.swift in Sources */,
				21617C182BF0097500284729 /* LocalizationKeyExtension.swift in Sources */,
				21617C0F2BF0065100284729 /* LocalizationKey.swift in Sources */,
				21617C3E2BF432A900284729 /* ProductDetailViewController.swift in Sources */,
				21617C302BF2D76600284729 /* ProductTableViewCell.swift in Sources */,
				21617C082BEFC11100284729 /* SearchView.swift in Sources */,
				21617C532BF8FB7F00284729 /* ErrorViewController.swift in Sources */,
				21617C2E2BF2D6F300284729 /* UIViewExtension.swift in Sources */,
				21617C002BEFBF3C00284729 /* Coordinator.swift in Sources */,
				21617C272BF2C98900284729 /* Constants.swift in Sources */,
				21617C242BF2C95700284729 /* SearchViewModel.swift in Sources */,
				21617C372BF2DD8300284729 /* DoubleExtension.swift in Sources */,
				21617C1D2BF19D2C00284729 /* UINavigationControllerExtension.swift in Sources */,
				21617C462BF521D500284729 /* ProductDetailView.swift in Sources */,
				21617C0C2BEFE7B000284729 /* UISearchBarExtension.swift in Sources */,
				21617BCE2BEFBE3B00284729 /* AppDelegate.swift in Sources */,
				21617C482BF6BB9300284729 /* URLBuilder.swift in Sources */,
				21617C4B2BF6D24000284729 /* ProductDetailsViewModel.swift in Sources */,
				21617C202BF2307200284729 /* SearchBar.swift in Sources */,
				21617C552BF9033900284729 /* ErrorView.swift in Sources */,
				21617C392BF2DDFD00284729 /* UITableViewCellExtension.swift in Sources */,
				21617C292BF2CBE900284729 /* Network.swift in Sources */,
				21617C572BFA4C6700284729 /* CloseButton.swift in Sources */,
				21617BD02BEFBE3B00284729 /* SceneDelegate.swift in Sources */,
				21617C4D2BF6D37100284729 /* DetailsProduct.swift in Sources */,
			);
			runOnlyForDeploymentPostprocessing = 0;
		};
		21617BDC2BEFBE3E00284729 /* Sources */ = {
			isa = PBXSourcesBuildPhase;
			buildActionMask = 2147483647;
			files = (
				21617BE52BEFBE3E00284729 /* MeliTests.swift in Sources */,
			);
			runOnlyForDeploymentPostprocessing = 0;
		};
		21617BE62BEFBE3E00284729 /* Sources */ = {
			isa = PBXSourcesBuildPhase;
			buildActionMask = 2147483647;
			files = (
				21617BEF2BEFBE3E00284729 /* MeliUITests.swift in Sources */,
				21617BF12BEFBE3E00284729 /* MeliUITestsLaunchTests.swift in Sources */,
			);
			runOnlyForDeploymentPostprocessing = 0;
		};
/* End PBXSourcesBuildPhase section */

/* Begin PBXTargetDependency section */
		21617BE22BEFBE3E00284729 /* PBXTargetDependency */ = {
			isa = PBXTargetDependency;
			target = 21617BC92BEFBE3B00284729 /* Meli */;
			targetProxy = 21617BE12BEFBE3E00284729 /* PBXContainerItemProxy */;
		};
		21617BEC2BEFBE3E00284729 /* PBXTargetDependency */ = {
			isa = PBXTargetDependency;
			target = 21617BC92BEFBE3B00284729 /* Meli */;
			targetProxy = 21617BEB2BEFBE3E00284729 /* PBXContainerItemProxy */;
		};
/* End PBXTargetDependency section */

/* Begin PBXVariantGroup section */
		21617C112BF007B800284729 /* Localizable.strings */ = {
			isa = PBXVariantGroup;
			children = (
				21617C122BF007B800284729 /* en */,
			);
			name = Localizable.strings;
			sourceTree = "<group>";
		};
/* End PBXVariantGroup section */

/* Begin XCBuildConfiguration section */
		21617BF22BEFBE3E00284729 /* Debug */ = {
			isa = XCBuildConfiguration;
			buildSettings = {
				ALWAYS_SEARCH_USER_PATHS = NO;
				ASSETCATALOG_COMPILER_GENERATE_SWIFT_ASSET_SYMBOL_EXTENSIONS = YES;
				CLANG_ANALYZER_NONNULL = YES;
				CLANG_ANALYZER_NUMBER_OBJECT_CONVERSION = YES_AGGRESSIVE;
				CLANG_CXX_LANGUAGE_STANDARD = "gnu++20";
				CLANG_ENABLE_MODULES = YES;
				CLANG_ENABLE_OBJC_ARC = YES;
				CLANG_ENABLE_OBJC_WEAK = YES;
				CLANG_WARN_BLOCK_CAPTURE_AUTORELEASING = YES;
				CLANG_WARN_BOOL_CONVERSION = YES;
				CLANG_WARN_COMMA = YES;
				CLANG_WARN_CONSTANT_CONVERSION = YES;
				CLANG_WARN_DEPRECATED_OBJC_IMPLEMENTATIONS = YES;
				CLANG_WARN_DIRECT_OBJC_ISA_USAGE = YES_ERROR;
				CLANG_WARN_DOCUMENTATION_COMMENTS = YES;
				CLANG_WARN_EMPTY_BODY = YES;
				CLANG_WARN_ENUM_CONVERSION = YES;
				CLANG_WARN_INFINITE_RECURSION = YES;
				CLANG_WARN_INT_CONVERSION = YES;
				CLANG_WARN_NON_LITERAL_NULL_CONVERSION = YES;
				CLANG_WARN_OBJC_IMPLICIT_RETAIN_SELF = YES;
				CLANG_WARN_OBJC_LITERAL_CONVERSION = YES;
				CLANG_WARN_OBJC_ROOT_CLASS = YES_ERROR;
				CLANG_WARN_QUOTED_INCLUDE_IN_FRAMEWORK_HEADER = YES;
				CLANG_WARN_RANGE_LOOP_ANALYSIS = YES;
				CLANG_WARN_STRICT_PROTOTYPES = YES;
				CLANG_WARN_SUSPICIOUS_MOVE = YES;
				CLANG_WARN_UNGUARDED_AVAILABILITY = YES_AGGRESSIVE;
				CLANG_WARN_UNREACHABLE_CODE = YES;
				CLANG_WARN__DUPLICATE_METHOD_MATCH = YES;
				COPY_PHASE_STRIP = NO;
				DEBUG_INFORMATION_FORMAT = dwarf;
				ENABLE_STRICT_OBJC_MSGSEND = YES;
				ENABLE_TESTABILITY = YES;
				ENABLE_USER_SCRIPT_SANDBOXING = YES;
				GCC_C_LANGUAGE_STANDARD = gnu17;
				GCC_DYNAMIC_NO_PIC = NO;
				GCC_NO_COMMON_BLOCKS = YES;
				GCC_OPTIMIZATION_LEVEL = 0;
				GCC_PREPROCESSOR_DEFINITIONS = (
					"DEBUG=1",
					"$(inherited)",
				);
				GCC_WARN_64_TO_32_BIT_CONVERSION = YES;
				GCC_WARN_ABOUT_RETURN_TYPE = YES_ERROR;
				GCC_WARN_UNDECLARED_SELECTOR = YES;
				GCC_WARN_UNINITIALIZED_AUTOS = YES_AGGRESSIVE;
				GCC_WARN_UNUSED_FUNCTION = YES;
				GCC_WARN_UNUSED_VARIABLE = YES;
				IPHONEOS_DEPLOYMENT_TARGET = 17.4;
				LOCALIZATION_PREFERS_STRING_CATALOGS = YES;
				MTL_ENABLE_DEBUG_INFO = INCLUDE_SOURCE;
				MTL_FAST_MATH = YES;
				ONLY_ACTIVE_ARCH = YES;
				SDKROOT = iphoneos;
				SWIFT_ACTIVE_COMPILATION_CONDITIONS = "DEBUG $(inherited)";
				SWIFT_OPTIMIZATION_LEVEL = "-Onone";
			};
			name = Debug;
		};
		21617BF32BEFBE3E00284729 /* Release */ = {
			isa = XCBuildConfiguration;
			buildSettings = {
				ALWAYS_SEARCH_USER_PATHS = NO;
				ASSETCATALOG_COMPILER_GENERATE_SWIFT_ASSET_SYMBOL_EXTENSIONS = YES;
				CLANG_ANALYZER_NONNULL = YES;
				CLANG_ANALYZER_NUMBER_OBJECT_CONVERSION = YES_AGGRESSIVE;
				CLANG_CXX_LANGUAGE_STANDARD = "gnu++20";
				CLANG_ENABLE_MODULES = YES;
				CLANG_ENABLE_OBJC_ARC = YES;
				CLANG_ENABLE_OBJC_WEAK = YES;
				CLANG_WARN_BLOCK_CAPTURE_AUTORELEASING = YES;
				CLANG_WARN_BOOL_CONVERSION = YES;
				CLANG_WARN_COMMA = YES;
				CLANG_WARN_CONSTANT_CONVERSION = YES;
				CLANG_WARN_DEPRECATED_OBJC_IMPLEMENTATIONS = YES;
				CLANG_WARN_DIRECT_OBJC_ISA_USAGE = YES_ERROR;
				CLANG_WARN_DOCUMENTATION_COMMENTS = YES;
				CLANG_WARN_EMPTY_BODY = YES;
				CLANG_WARN_ENUM_CONVERSION = YES;
				CLANG_WARN_INFINITE_RECURSION = YES;
				CLANG_WARN_INT_CONVERSION = YES;
				CLANG_WARN_NON_LITERAL_NULL_CONVERSION = YES;
				CLANG_WARN_OBJC_IMPLICIT_RETAIN_SELF = YES;
				CLANG_WARN_OBJC_LITERAL_CONVERSION = YES;
				CLANG_WARN_OBJC_ROOT_CLASS = YES_ERROR;
				CLANG_WARN_QUOTED_INCLUDE_IN_FRAMEWORK_HEADER = YES;
				CLANG_WARN_RANGE_LOOP_ANALYSIS = YES;
				CLANG_WARN_STRICT_PROTOTYPES = YES;
				CLANG_WARN_SUSPICIOUS_MOVE = YES;
				CLANG_WARN_UNGUARDED_AVAILABILITY = YES_AGGRESSIVE;
				CLANG_WARN_UNREACHABLE_CODE = YES;
				CLANG_WARN__DUPLICATE_METHOD_MATCH = YES;
				COPY_PHASE_STRIP = NO;
				DEBUG_INFORMATION_FORMAT = "dwarf-with-dsym";
				ENABLE_NS_ASSERTIONS = NO;
				ENABLE_STRICT_OBJC_MSGSEND = YES;
				ENABLE_USER_SCRIPT_SANDBOXING = YES;
				GCC_C_LANGUAGE_STANDARD = gnu17;
				GCC_NO_COMMON_BLOCKS = YES;
				GCC_WARN_64_TO_32_BIT_CONVERSION = YES;
				GCC_WARN_ABOUT_RETURN_TYPE = YES_ERROR;
				GCC_WARN_UNDECLARED_SELECTOR = YES;
				GCC_WARN_UNINITIALIZED_AUTOS = YES_AGGRESSIVE;
				GCC_WARN_UNUSED_FUNCTION = YES;
				GCC_WARN_UNUSED_VARIABLE = YES;
				IPHONEOS_DEPLOYMENT_TARGET = 17.4;
				LOCALIZATION_PREFERS_STRING_CATALOGS = YES;
				MTL_ENABLE_DEBUG_INFO = NO;
				MTL_FAST_MATH = YES;
				SDKROOT = iphoneos;
				SWIFT_COMPILATION_MODE = wholemodule;
				VALIDATE_PRODUCT = YES;
			};
			name = Release;
		};
		21617BF52BEFBE3E00284729 /* Debug */ = {
			isa = XCBuildConfiguration;
			buildSettings = {
				ASSETCATALOG_COMPILER_APPICON_NAME = AppIcon;
				ASSETCATALOG_COMPILER_GLOBAL_ACCENT_COLOR_NAME = AccentColor;
				CODE_SIGN_STYLE = Automatic;
				CURRENT_PROJECT_VERSION = 1;
				DEVELOPMENT_TEAM = YWVBQQ7FR5;
				GENERATE_INFOPLIST_FILE = YES;
				INFOPLIST_FILE = Meli/Info.plist;
				INFOPLIST_KEY_UIApplicationSupportsIndirectInputEvents = YES;
				INFOPLIST_KEY_UILaunchStoryboardName = LaunchScreen;
				INFOPLIST_KEY_UISupportedInterfaceOrientations = "UIInterfaceOrientationLandscapeLeft UIInterfaceOrientationLandscapeRight UIInterfaceOrientationPortrait";
				IPHONEOS_DEPLOYMENT_TARGET = 16.0;
				LD_RUNPATH_SEARCH_PATHS = (
					"$(inherited)",
					"@executable_path/Frameworks",
				);
				MARKETING_VERSION = 1.0;
				PRODUCT_BUNDLE_IDENTIFIER = com.ricardosantana.Meli;
				PRODUCT_NAME = "$(TARGET_NAME)";
				SWIFT_EMIT_LOC_STRINGS = YES;
				SWIFT_VERSION = 5.0;
				TARGETED_DEVICE_FAMILY = "1,2";
			};
			name = Debug;
		};
		21617BF62BEFBE3E00284729 /* Release */ = {
			isa = XCBuildConfiguration;
			buildSettings = {
				ASSETCATALOG_COMPILER_APPICON_NAME = AppIcon;
				ASSETCATALOG_COMPILER_GLOBAL_ACCENT_COLOR_NAME = AccentColor;
				CODE_SIGN_STYLE = Automatic;
				CURRENT_PROJECT_VERSION = 1;
				DEVELOPMENT_TEAM = YWVBQQ7FR5;
				GENERATE_INFOPLIST_FILE = YES;
				INFOPLIST_FILE = Meli/Info.plist;
				INFOPLIST_KEY_UIApplicationSupportsIndirectInputEvents = YES;
				INFOPLIST_KEY_UILaunchStoryboardName = LaunchScreen;
				INFOPLIST_KEY_UISupportedInterfaceOrientations = "UIInterfaceOrientationLandscapeLeft UIInterfaceOrientationLandscapeRight UIInterfaceOrientationPortrait";
				IPHONEOS_DEPLOYMENT_TARGET = 16.0;
				LD_RUNPATH_SEARCH_PATHS = (
					"$(inherited)",
					"@executable_path/Frameworks",
				);
				MARKETING_VERSION = 1.0;
				PRODUCT_BUNDLE_IDENTIFIER = com.ricardosantana.Meli;
				PRODUCT_NAME = "$(TARGET_NAME)";
				SWIFT_EMIT_LOC_STRINGS = YES;
				SWIFT_VERSION = 5.0;
				TARGETED_DEVICE_FAMILY = "1,2";
			};
			name = Release;
		};
		21617BF82BEFBE3E00284729 /* Debug */ = {
			isa = XCBuildConfiguration;
			buildSettings = {
				ALWAYS_EMBED_SWIFT_STANDARD_LIBRARIES = YES;
				BUNDLE_LOADER = "$(TEST_HOST)";
				CODE_SIGN_STYLE = Automatic;
				CURRENT_PROJECT_VERSION = 1;
				DEVELOPMENT_TEAM = YWVBQQ7FR5;
				GENERATE_INFOPLIST_FILE = YES;
				IPHONEOS_DEPLOYMENT_TARGET = 17.4;
				MARKETING_VERSION = 1.0;
				PRODUCT_BUNDLE_IDENTIFIER = com.ricardosantana.MeliTests;
				PRODUCT_NAME = "$(TARGET_NAME)";
				SWIFT_EMIT_LOC_STRINGS = NO;
				SWIFT_VERSION = 5.0;
				TARGETED_DEVICE_FAMILY = "1,2";
				TEST_HOST = "$(BUILT_PRODUCTS_DIR)/Meli.app/$(BUNDLE_EXECUTABLE_FOLDER_PATH)/Meli";
			};
			name = Debug;
		};
		21617BF92BEFBE3E00284729 /* Release */ = {
			isa = XCBuildConfiguration;
			buildSettings = {
				ALWAYS_EMBED_SWIFT_STANDARD_LIBRARIES = YES;
				BUNDLE_LOADER = "$(TEST_HOST)";
				CODE_SIGN_STYLE = Automatic;
				CURRENT_PROJECT_VERSION = 1;
				DEVELOPMENT_TEAM = YWVBQQ7FR5;
				GENERATE_INFOPLIST_FILE = YES;
				IPHONEOS_DEPLOYMENT_TARGET = 17.4;
				MARKETING_VERSION = 1.0;
				PRODUCT_BUNDLE_IDENTIFIER = com.ricardosantana.MeliTests;
				PRODUCT_NAME = "$(TARGET_NAME)";
				SWIFT_EMIT_LOC_STRINGS = NO;
				SWIFT_VERSION = 5.0;
				TARGETED_DEVICE_FAMILY = "1,2";
				TEST_HOST = "$(BUILT_PRODUCTS_DIR)/Meli.app/$(BUNDLE_EXECUTABLE_FOLDER_PATH)/Meli";
			};
			name = Release;
		};
		21617BFB2BEFBE3E00284729 /* Debug */ = {
			isa = XCBuildConfiguration;
			buildSettings = {
				ALWAYS_EMBED_SWIFT_STANDARD_LIBRARIES = YES;
				CODE_SIGN_STYLE = Automatic;
				CURRENT_PROJECT_VERSION = 1;
				DEVELOPMENT_TEAM = YWVBQQ7FR5;
				GENERATE_INFOPLIST_FILE = YES;
				MARKETING_VERSION = 1.0;
				PRODUCT_BUNDLE_IDENTIFIER = com.ricardosantana.MeliUITests;
				PRODUCT_NAME = "$(TARGET_NAME)";
				SWIFT_EMIT_LOC_STRINGS = NO;
				SWIFT_VERSION = 5.0;
				TARGETED_DEVICE_FAMILY = "1,2";
				TEST_TARGET_NAME = Meli;
			};
			name = Debug;
		};
		21617BFC2BEFBE3E00284729 /* Release */ = {
			isa = XCBuildConfiguration;
			buildSettings = {
				ALWAYS_EMBED_SWIFT_STANDARD_LIBRARIES = YES;
				CODE_SIGN_STYLE = Automatic;
				CURRENT_PROJECT_VERSION = 1;
				DEVELOPMENT_TEAM = YWVBQQ7FR5;
				GENERATE_INFOPLIST_FILE = YES;
				MARKETING_VERSION = 1.0;
				PRODUCT_BUNDLE_IDENTIFIER = com.ricardosantana.MeliUITests;
				PRODUCT_NAME = "$(TARGET_NAME)";
				SWIFT_EMIT_LOC_STRINGS = NO;
				SWIFT_VERSION = 5.0;
				TARGETED_DEVICE_FAMILY = "1,2";
				TEST_TARGET_NAME = Meli;
			};
			name = Release;
		};
/* End XCBuildConfiguration section */

/* Begin XCConfigurationList section */
		21617BC52BEFBE3B00284729 /* Build configuration list for PBXProject "Meli" */ = {
			isa = XCConfigurationList;
			buildConfigurations = (
				21617BF22BEFBE3E00284729 /* Debug */,
				21617BF32BEFBE3E00284729 /* Release */,
			);
			defaultConfigurationIsVisible = 0;
			defaultConfigurationName = Release;
		};
		21617BF42BEFBE3E00284729 /* Build configuration list for PBXNativeTarget "Meli" */ = {
			isa = XCConfigurationList;
			buildConfigurations = (
				21617BF52BEFBE3E00284729 /* Debug */,
				21617BF62BEFBE3E00284729 /* Release */,
			);
			defaultConfigurationIsVisible = 0;
			defaultConfigurationName = Release;
		};
		21617BF72BEFBE3E00284729 /* Build configuration list for PBXNativeTarget "MeliTests" */ = {
			isa = XCConfigurationList;
			buildConfigurations = (
				21617BF82BEFBE3E00284729 /* Debug */,
				21617BF92BEFBE3E00284729 /* Release */,
			);
			defaultConfigurationIsVisible = 0;
			defaultConfigurationName = Release;
		};
		21617BFA2BEFBE3E00284729 /* Build configuration list for PBXNativeTarget "MeliUITests" */ = {
			isa = XCConfigurationList;
			buildConfigurations = (
				21617BFB2BEFBE3E00284729 /* Debug */,
				21617BFC2BEFBE3E00284729 /* Release */,
			);
			defaultConfigurationIsVisible = 0;
			defaultConfigurationName = Release;
		};
/* End XCConfigurationList section */
	};
	rootObject = 21617BC22BEFBE3B00284729 /* Project object */;
}
